
Microsoft Visual Studio Solution File, Format Version 12.00
# Visual Studio Version 16
VisualStudioVersion = 25.0.1704.0
MinimumVisualStudioVersion = 10.0.40219.1
Project("{2150E333-8FDC-42A3-9474-1A3956D46DE8}") = "src", "src", "{CDB0CDCD-5AAF-4865-BB5A-491C3E886C3B}"
EndProject
Project("{2150E333-8FDC-42A3-9474-1A3956D46DE8}") = "Solution Items", "Solution Items", "{6712FAA5-E53B-49F5-BB00-5F2895394967}"
	ProjectSection(SolutionItems) = preProject
		ServiceUrls.txt = ServiceUrls.txt
		FolderStructure.txt = FolderStructure.txt
	EndProjectSection
EndProject
Project("{2150E333-8FDC-42A3-9474-1A3956D46DE8}") = "ApiGateways", "ApiGateways", "{B4CD5190-170D-40CD-B8A1-ECBE7E5DC325}"
EndProject
Project("{2150E333-8FDC-42A3-9474-1A3956D46DE8}") = "BuildingBlocks", "BuildingBlocks", "{22FA8B1D-A0A5-4DB0-947A-E18D086DC737}"
EndProject
Project("{2150E333-8FDC-42A3-9474-1A3956D46DE8}") = "Services", "Services", "{DFC30C21-DF69-4C2A-81D5-8A7F501F49B8}"
EndProject
Project("{2150E333-8FDC-42A3-9474-1A3956D46DE8}") = "Clients", "Clients", "{86834DC0-A8F6-47F2-BF2B-ADEE8A8FBCDD}"
EndProject
Project("{FAE04EC0-301F-11D3-BF4B-00C04F79EFBC}") = "Web.ApiGateway", "src\ApiGateways\Web.ApiGateway\Web.ApiGateway.csproj", "{F12974CA-692E-47FB-A6B8-6103D4C1023A}"
EndProject
Project("{2150E333-8FDC-42A3-9474-1A3956D46DE8}") = "EventBus", "EventBus", "{FBBFE56C-AEEB-4E9C-A209-20076BEC5479}"
EndProject
Project("{FAE04EC0-301F-11D3-BF4B-00C04F79EFBC}") = "EventBus.Base", "src\BuildingBlocks\EventBus\EventBus.Base\EventBus.Base.csproj", "{A9BCF4BD-DE63-4E5C-AB8F-7713AD7D6830}"
EndProject
Project("{FAE04EC0-301F-11D3-BF4B-00C04F79EFBC}") = "EventBus.Factory", "src\BuildingBlocks\EventBus\EventBus.Factory\EventBus.Factory.csproj", "{7EA9802F-88CD-4B79-A43F-F228CCA44AC2}"
EndProject
Project("{FAE04EC0-301F-11D3-BF4B-00C04F79EFBC}") = "EventBus.AzureServiceBus", "src\BuildingBlocks\EventBus\EventBus.AzureServiceBus\EventBus.AzureServiceBus.csproj", "{D55AF55C-BA3D-49D3-961E-12AD62A3B5DA}"
EndProject
Project("{FAE04EC0-301F-11D3-BF4B-00C04F79EFBC}") = "EventBus.RabbitMQ", "src\BuildingBlocks\EventBus\EventBus.RabbitMQ\EventBus.RabbitMQ.csproj", "{9888B8F4-0895-4B95-848B-92C91372756D}"
EndProject
Project("{2150E333-8FDC-42A3-9474-1A3956D46DE8}") = "BlazorWebApp", "BlazorWebApp", "{536F0BB8-EB5B-4972-9D51-89696C298683}"
EndProject
Project("{FAE04EC0-301F-11D3-BF4B-00C04F79EFBC}") = "BlazorWebApp", "src\Clients\BlazorWebApp\BlazorWebApp\BlazorWebApp.csproj", "{2C09E136-65BB-4210-A10D-975EE2EF5B64}"
EndProject
Project("{2150E333-8FDC-42A3-9474-1A3956D46DE8}") = "BasketService", "BasketService", "{4185CCA9-B4C4-4EB4-B598-5D7E0265E4BC}"
EndProject
Project("{FAE04EC0-301F-11D3-BF4B-00C04F79EFBC}") = "BasketService.API", "src\Services\BasketService\BasketService.API\BasketService.API.csproj", "{83A60506-6F69-49DC-B32B-F4EB00E1136C}"
EndProject
Project("{2150E333-8FDC-42A3-9474-1A3956D46DE8}") = "CatalogService", "CatalogService", "{00378573-DA64-4A23-97B0-6B22B12642CA}"
EndProject
Project("{FAE04EC0-301F-11D3-BF4B-00C04F79EFBC}") = "CatalogService.API", "src\Services\CatalogService\CatalogService.API\CatalogService.API.csproj", "{AEED95E2-C5E4-40AD-8A0C-CEAD46A218E5}"
EndProject
Project("{2150E333-8FDC-42A3-9474-1A3956D46DE8}") = "IdentityService", "IdentityService", "{6ECA3F11-C187-4447-BCF0-3DAA8732759A}"
EndProject
Project("{FAE04EC0-301F-11D3-BF4B-00C04F79EFBC}") = "IdentityService.API", "src\Services\IdentityService\IdentityService.API\IdentityService.API.csproj", "{EA48E34A-1723-468C-8F69-4657B14BC41C}"
EndProject
Project("{2150E333-8FDC-42A3-9474-1A3956D46DE8}") = "NotificationService", "NotificationService", "{BA6D4092-BC96-41F1-9876-FF5BF035BB6B}"
EndProject
Project("{FAE04EC0-301F-11D3-BF4B-00C04F79EFBC}") = "NotificationService.Console", "src\Services\NotificationService\NotificationService.Console\NotificationService.Console.csproj", "{67FCC84C-2F90-4995-8D57-734E0B875B23}"
EndProject
Project("{2150E333-8FDC-42A3-9474-1A3956D46DE8}") = "OrderService", "OrderService", "{BCD7E3A1-E216-417D-BDCC-A01BB7CCF399}"
EndProject
Project("{2150E333-8FDC-42A3-9474-1A3956D46DE8}") = "Business", "Business", "{D3C46723-24B4-40CD-AFC5-F93D7F69BEB6}"
EndProject
Project("{FAE04EC0-301F-11D3-BF4B-00C04F79EFBC}") = "OrderService.Application", "src\Services\OrderService\Business\OrderService.Application\OrderService.Application.csproj", "{20F07438-7CD8-447B-8FA3-9616033FDB74}"
EndProject
Project("{FAE04EC0-301F-11D3-BF4B-00C04F79EFBC}") = "OrderService.Domain", "src\Services\OrderService\Business\OrderService.Domain\OrderService.Domain.csproj", "{3B8FE8FB-1916-4D2A-8F60-98A8810BBDD1}"
EndProject
Project("{FAE04EC0-301F-11D3-BF4B-00C04F79EFBC}") = "OrderService.Infrastructure", "src\Services\OrderService\Business\OrderService.Infrastructure\OrderService.Infrastructure.csproj", "{B7762BFC-545E-46BD-85B6-8002650127DD}"
EndProject
Project("{2150E333-8FDC-42A3-9474-1A3956D46DE8}") = "Services", "Services", "{1910152E-7B1E-4295-93E7-62C8FAE98A9D}"
EndProject
Project("{FAE04EC0-301F-11D3-BF4B-00C04F79EFBC}") = "OrderService.API", "src\Services\OrderService\Services\OrderService.API\OrderService.API.csproj", "{55F5CF60-C6A5-40C8-B5A7-FB9116B14CA1}"
EndProject
Project("{2150E333-8FDC-42A3-9474-1A3956D46DE8}") = "PaymentService", "PaymentService", "{5ED597BD-81B8-4B5F-B815-034F759D36B6}"
EndProject
Project("{FAE04EC0-301F-11D3-BF4B-00C04F79EFBC}") = "PaymentService.API", "src\Services\PaymentService\PaymentService.API\PaymentService.API.csproj", "{48A6E7BF-0ABD-4239-B17B-29CAFD4D4E01}"
EndProject
Project("{2150E333-8FDC-42A3-9474-1A3956D46DE8}") = "tests", "tests", "{D61FC39C-5334-4E15-9D05-A75DD5ED2195}"
EndProject
Project("{2150E333-8FDC-42A3-9474-1A3956D46DE8}") = "BuildingBlocks", "BuildingBlocks", "{7F42D778-E251-4D53-A6E0-68028874B974}"
EndProject
Project("{FAE04EC0-301F-11D3-BF4B-00C04F79EFBC}") = "EventBus.UnitTest", "tests\BuildingBlocks\EventBus.UnitTest\EventBus.UnitTest.csproj", "{3E50D7F7-E794-4AC8-8DE4-76BE93656221}"
EndProject
Project("{2150E333-8FDC-42A3-9474-1A3956D46DE8}") = "docker-compose-files", "docker-compose-files", "{536A3582-D08C-4DF8-913C-B093A6983E03}"
EndProject
Project("{2150E333-8FDC-42A3-9474-1A3956D46DE8}") = "consul", "consul", "{520A4A90-9225-499F-9E62-ED7C209DC184}"
	ProjectSection(SolutionItems) = preProject
		docker-compose-files\consul\docker-compose.yml = docker-compose-files\consul\docker-compose.yml
	EndProjectSection
EndProject
Project("{2150E333-8FDC-42A3-9474-1A3956D46DE8}") = "rabbitmq", "rabbitmq", "{67DA889D-52AD-4F21-B077-71DD51A1A3C9}"
	ProjectSection(SolutionItems) = preProject
		docker-compose-files\rabbitmq\docker-compose.yml = docker-compose-files\rabbitmq\docker-compose.yml
	EndProjectSection
EndProject
Project("{2150E333-8FDC-42A3-9474-1A3956D46DE8}") = "redis", "redis", "{6980CCD1-0C33-4481-A6E1-7A8A35D3C823}"
	ProjectSection(SolutionItems) = preProject
		docker-compose-files\redis\docker-compose.yml = docker-compose-files\redis\docker-compose.yml
	EndProjectSection
EndProject
Project("{2150E333-8FDC-42A3-9474-1A3956D46DE8}") = "sqlserver", "sqlserver", "{85D4FFB5-22DB-4E1E-99F8-DE16DEF260A1}"
	ProjectSection(SolutionItems) = preProject
		docker-compose-files\sqlserver\docker-compose.yml = docker-compose-files\sqlserver\docker-compose.yml
	EndProjectSection
EndProject
Global
	GlobalSection(SolutionConfigurationPlatforms) = preSolution
		Debug|Any CPU = Debug|Any CPU
		Release|Any CPU = Release|Any CPU
	EndGlobalSection
	GlobalSection(ProjectConfigurationPlatforms) = postSolution
		{F12974CA-692E-47FB-A6B8-6103D4C1023A}.Debug|Any CPU.ActiveCfg = Debug|Any CPU
		{F12974CA-692E-47FB-A6B8-6103D4C1023A}.Debug|Any CPU.Build.0 = Debug|Any CPU
		{F12974CA-692E-47FB-A6B8-6103D4C1023A}.Release|Any CPU.ActiveCfg = Release|Any CPU
		{F12974CA-692E-47FB-A6B8-6103D4C1023A}.Release|Any CPU.Build.0 = Release|Any CPU
		{A9BCF4BD-DE63-4E5C-AB8F-7713AD7D6830}.Debug|Any CPU.ActiveCfg = Debug|Any CPU
		{A9BCF4BD-DE63-4E5C-AB8F-7713AD7D6830}.Debug|Any CPU.Build.0 = Debug|Any CPU
		{A9BCF4BD-DE63-4E5C-AB8F-7713AD7D6830}.Release|Any CPU.ActiveCfg = Release|Any CPU
		{A9BCF4BD-DE63-4E5C-AB8F-7713AD7D6830}.Release|Any CPU.Build.0 = Release|Any CPU
		{7EA9802F-88CD-4B79-A43F-F228CCA44AC2}.Debug|Any CPU.ActiveCfg = Debug|Any CPU
		{7EA9802F-88CD-4B79-A43F-F228CCA44AC2}.Debug|Any CPU.Build.0 = Debug|Any CPU
		{7EA9802F-88CD-4B79-A43F-F228CCA44AC2}.Release|Any CPU.ActiveCfg = Release|Any CPU
		{7EA9802F-88CD-4B79-A43F-F228CCA44AC2}.Release|Any CPU.Build.0 = Release|Any CPU
		{D55AF55C-BA3D-49D3-961E-12AD62A3B5DA}.Debug|Any CPU.ActiveCfg = Debug|Any CPU
		{D55AF55C-BA3D-49D3-961E-12AD62A3B5DA}.Debug|Any CPU.Build.0 = Debug|Any CPU
		{D55AF55C-BA3D-49D3-961E-12AD62A3B5DA}.Release|Any CPU.ActiveCfg = Release|Any CPU
		{D55AF55C-BA3D-49D3-961E-12AD62A3B5DA}.Release|Any CPU.Build.0 = Release|Any CPU
		{9888B8F4-0895-4B95-848B-92C91372756D}.Debug|Any CPU.ActiveCfg = Debug|Any CPU
		{9888B8F4-0895-4B95-848B-92C91372756D}.Debug|Any CPU.Build.0 = Debug|Any CPU
		{9888B8F4-0895-4B95-848B-92C91372756D}.Release|Any CPU.ActiveCfg = Release|Any CPU
		{9888B8F4-0895-4B95-848B-92C91372756D}.Release|Any CPU.Build.0 = Release|Any CPU
		{2C09E136-65BB-4210-A10D-975EE2EF5B64}.Debug|Any CPU.ActiveCfg = Debug|Any CPU
		{2C09E136-65BB-4210-A10D-975EE2EF5B64}.Debug|Any CPU.Build.0 = Debug|Any CPU
		{2C09E136-65BB-4210-A10D-975EE2EF5B64}.Release|Any CPU.ActiveCfg = Release|Any CPU
		{2C09E136-65BB-4210-A10D-975EE2EF5B64}.Release|Any CPU.Build.0 = Release|Any CPU
		{83A60506-6F69-49DC-B32B-F4EB00E1136C}.Debug|Any CPU.ActiveCfg = Debug|Any CPU
		{83A60506-6F69-49DC-B32B-F4EB00E1136C}.Debug|Any CPU.Build.0 = Debug|Any CPU
		{83A60506-6F69-49DC-B32B-F4EB00E1136C}.Release|Any CPU.ActiveCfg = Release|Any CPU
		{83A60506-6F69-49DC-B32B-F4EB00E1136C}.Release|Any CPU.Build.0 = Release|Any CPU
		{AEED95E2-C5E4-40AD-8A0C-CEAD46A218E5}.Debug|Any CPU.ActiveCfg = Debug|Any CPU
		{AEED95E2-C5E4-40AD-8A0C-CEAD46A218E5}.Debug|Any CPU.Build.0 = Debug|Any CPU
		{AEED95E2-C5E4-40AD-8A0C-CEAD46A218E5}.Release|Any CPU.ActiveCfg = Release|Any CPU
		{AEED95E2-C5E4-40AD-8A0C-CEAD46A218E5}.Release|Any CPU.Build.0 = Release|Any CPU
		{EA48E34A-1723-468C-8F69-4657B14BC41C}.Debug|Any CPU.ActiveCfg = Debug|Any CPU
		{EA48E34A-1723-468C-8F69-4657B14BC41C}.Debug|Any CPU.Build.0 = Debug|Any CPU
		{EA48E34A-1723-468C-8F69-4657B14BC41C}.Release|Any CPU.ActiveCfg = Release|Any CPU
		{EA48E34A-1723-468C-8F69-4657B14BC41C}.Release|Any CPU.Build.0 = Release|Any CPU
		{67FCC84C-2F90-4995-8D57-734E0B875B23}.Debug|Any CPU.ActiveCfg = Debug|Any CPU
		{67FCC84C-2F90-4995-8D57-734E0B875B23}.Debug|Any CPU.Build.0 = Debug|Any CPU
		{67FCC84C-2F90-4995-8D57-734E0B875B23}.Release|Any CPU.ActiveCfg = Release|Any CPU
		{67FCC84C-2F90-4995-8D57-734E0B875B23}.Release|Any CPU.Build.0 = Release|Any CPU
		{20F07438-7CD8-447B-8FA3-9616033FDB74}.Debug|Any CPU.ActiveCfg = Debug|Any CPU
		{20F07438-7CD8-447B-8FA3-9616033FDB74}.Debug|Any CPU.Build.0 = Debug|Any CPU
		{20F07438-7CD8-447B-8FA3-9616033FDB74}.Release|Any CPU.ActiveCfg = Release|Any CPU
		{20F07438-7CD8-447B-8FA3-9616033FDB74}.Release|Any CPU.Build.0 = Release|Any CPU
		{3B8FE8FB-1916-4D2A-8F60-98A8810BBDD1}.Debug|Any CPU.ActiveCfg = Debug|Any CPU
		{3B8FE8FB-1916-4D2A-8F60-98A8810BBDD1}.Debug|Any CPU.Build.0 = Debug|Any CPU
		{3B8FE8FB-1916-4D2A-8F60-98A8810BBDD1}.Release|Any CPU.ActiveCfg = Release|Any CPU
		{3B8FE8FB-1916-4D2A-8F60-98A8810BBDD1}.Release|Any CPU.Build.0 = Release|Any CPU
		{B7762BFC-545E-46BD-85B6-8002650127DD}.Debug|Any CPU.ActiveCfg = Debug|Any CPU
		{B7762BFC-545E-46BD-85B6-8002650127DD}.Debug|Any CPU.Build.0 = Debug|Any CPU
		{B7762BFC-545E-46BD-85B6-8002650127DD}.Release|Any CPU.ActiveCfg = Release|Any CPU
		{B7762BFC-545E-46BD-85B6-8002650127DD}.Release|Any CPU.Build.0 = Release|Any CPU
		{55F5CF60-C6A5-40C8-B5A7-FB9116B14CA1}.Debug|Any CPU.ActiveCfg = Debug|Any CPU
		{55F5CF60-C6A5-40C8-B5A7-FB9116B14CA1}.Debug|Any CPU.Build.0 = Debug|Any CPU
		{55F5CF60-C6A5-40C8-B5A7-FB9116B14CA1}.Release|Any CPU.ActiveCfg = Release|Any CPU
		{55F5CF60-C6A5-40C8-B5A7-FB9116B14CA1}.Release|Any CPU.Build.0 = Release|Any CPU
		{48A6E7BF-0ABD-4239-B17B-29CAFD4D4E01}.Debug|Any CPU.ActiveCfg = Debug|Any CPU
		{48A6E7BF-0ABD-4239-B17B-29CAFD4D4E01}.Debug|Any CPU.Build.0 = Debug|Any CPU
		{48A6E7BF-0ABD-4239-B17B-29CAFD4D4E01}.Release|Any CPU.ActiveCfg = Release|Any CPU
		{48A6E7BF-0ABD-4239-B17B-29CAFD4D4E01}.Release|Any CPU.Build.0 = Release|Any CPU
		{3E50D7F7-E794-4AC8-8DE4-76BE93656221}.Debug|Any CPU.ActiveCfg = Debug|Any CPU
		{3E50D7F7-E794-4AC8-8DE4-76BE93656221}.Debug|Any CPU.Build.0 = Debug|Any CPU
		{3E50D7F7-E794-4AC8-8DE4-76BE93656221}.Release|Any CPU.ActiveCfg = Release|Any CPU
		{3E50D7F7-E794-4AC8-8DE4-76BE93656221}.Release|Any CPU.Build.0 = Release|Any CPU
	EndGlobalSection
	GlobalSection(SolutionProperties) = preSolution
		HideSolutionNode = FALSE
	EndGlobalSection
	GlobalSection(ExtensibilityGlobals) = postSolution
		SolutionGuid = {D6E12AF7-5D83-4969-9B2A-546D2FD7C87C}
	EndGlobalSection
	GlobalSection(NestedProjects) = preSolution
		{B4CD5190-170D-40CD-B8A1-ECBE7E5DC325} = {CDB0CDCD-5AAF-4865-BB5A-491C3E886C3B}
		{22FA8B1D-A0A5-4DB0-947A-E18D086DC737} = {CDB0CDCD-5AAF-4865-BB5A-491C3E886C3B}
		{DFC30C21-DF69-4C2A-81D5-8A7F501F49B8} = {CDB0CDCD-5AAF-4865-BB5A-491C3E886C3B}
		{86834DC0-A8F6-47F2-BF2B-ADEE8A8FBCDD} = {CDB0CDCD-5AAF-4865-BB5A-491C3E886C3B}
		{F12974CA-692E-47FB-A6B8-6103D4C1023A} = {B4CD5190-170D-40CD-B8A1-ECBE7E5DC325}
		{FBBFE56C-AEEB-4E9C-A209-20076BEC5479} = {22FA8B1D-A0A5-4DB0-947A-E18D086DC737}
		{A9BCF4BD-DE63-4E5C-AB8F-7713AD7D6830} = {FBBFE56C-AEEB-4E9C-A209-20076BEC5479}
		{7EA9802F-88CD-4B79-A43F-F228CCA44AC2} = {FBBFE56C-AEEB-4E9C-A209-20076BEC5479}
		{D55AF55C-BA3D-49D3-961E-12AD62A3B5DA} = {FBBFE56C-AEEB-4E9C-A209-20076BEC5479}
		{9888B8F4-0895-4B95-848B-92C91372756D} = {FBBFE56C-AEEB-4E9C-A209-20076BEC5479}
		{536F0BB8-EB5B-4972-9D51-89696C298683} = {86834DC0-A8F6-47F2-BF2B-ADEE8A8FBCDD}
		{2C09E136-65BB-4210-A10D-975EE2EF5B64} = {536F0BB8-EB5B-4972-9D51-89696C298683}
		{4185CCA9-B4C4-4EB4-B598-5D7E0265E4BC} = {DFC30C21-DF69-4C2A-81D5-8A7F501F49B8}
		{83A60506-6F69-49DC-B32B-F4EB00E1136C} = {4185CCA9-B4C4-4EB4-B598-5D7E0265E4BC}
		{00378573-DA64-4A23-97B0-6B22B12642CA} = {DFC30C21-DF69-4C2A-81D5-8A7F501F49B8}
		{AEED95E2-C5E4-40AD-8A0C-CEAD46A218E5} = {00378573-DA64-4A23-97B0-6B22B12642CA}
		{6ECA3F11-C187-4447-BCF0-3DAA8732759A} = {DFC30C21-DF69-4C2A-81D5-8A7F501F49B8}
		{EA48E34A-1723-468C-8F69-4657B14BC41C} = {6ECA3F11-C187-4447-BCF0-3DAA8732759A}
		{BA6D4092-BC96-41F1-9876-FF5BF035BB6B} = {DFC30C21-DF69-4C2A-81D5-8A7F501F49B8}
		{67FCC84C-2F90-4995-8D57-734E0B875B23} = {BA6D4092-BC96-41F1-9876-FF5BF035BB6B}
		{BCD7E3A1-E216-417D-BDCC-A01BB7CCF399} = {DFC30C21-DF69-4C2A-81D5-8A7F501F49B8}
		{D3C46723-24B4-40CD-AFC5-F93D7F69BEB6} = {BCD7E3A1-E216-417D-BDCC-A01BB7CCF399}
		{20F07438-7CD8-447B-8FA3-9616033FDB74} = {D3C46723-24B4-40CD-AFC5-F93D7F69BEB6}
		{3B8FE8FB-1916-4D2A-8F60-98A8810BBDD1} = {D3C46723-24B4-40CD-AFC5-F93D7F69BEB6}
		{B7762BFC-545E-46BD-85B6-8002650127DD} = {D3C46723-24B4-40CD-AFC5-F93D7F69BEB6}
		{1910152E-7B1E-4295-93E7-62C8FAE98A9D} = {BCD7E3A1-E216-417D-BDCC-A01BB7CCF399}
		{55F5CF60-C6A5-40C8-B5A7-FB9116B14CA1} = {1910152E-7B1E-4295-93E7-62C8FAE98A9D}
		{5ED597BD-81B8-4B5F-B815-034F759D36B6} = {DFC30C21-DF69-4C2A-81D5-8A7F501F49B8}
		{48A6E7BF-0ABD-4239-B17B-29CAFD4D4E01} = {5ED597BD-81B8-4B5F-B815-034F759D36B6}
		{7F42D778-E251-4D53-A6E0-68028874B974} = {D61FC39C-5334-4E15-9D05-A75DD5ED2195}
		{3E50D7F7-E794-4AC8-8DE4-76BE93656221} = {7F42D778-E251-4D53-A6E0-68028874B974}
		{520A4A90-9225-499F-9E62-ED7C209DC184} = {536A3582-D08C-4DF8-913C-B093A6983E03}
		{67DA889D-52AD-4F21-B077-71DD51A1A3C9} = {536A3582-D08C-4DF8-913C-B093A6983E03}
		{6980CCD1-0C33-4481-A6E1-7A8A35D3C823} = {536A3582-D08C-4DF8-913C-B093A6983E03}
		{85D4FFB5-22DB-4E1E-99F8-DE16DEF260A1} = {536A3582-D08C-4DF8-913C-B093A6983E03}
	EndGlobalSection
EndGlobal
